
Microsoft Visual Studio Solution File, Format Version 12.00
# Visual Studio Version 17
VisualStudioVersion = 17.4.33213.308
MinimumVisualStudioVersion = 10.0.40219.1
Project("{FAE04EC0-301F-11D3-BF4B-00C04F79EFBC}") = "Bank", "Bank\Bank.csproj", "{F5C4CCE6-9601-491C-96E4-EC9F44179A8B}"
EndProject
Project("{FAE04EC0-301F-11D3-BF4B-00C04F79EFBC}") = "BankTest", "BankTest\BankTest.csproj", "{62E05001-C54B-4E7B-B231-517F33F9F1F5}"
EndProject
Global
	GlobalSection(SolutionConfigurationPlatforms) = preSolution
		Debug|Any CPU = Debug|Any CPU
		Release|Any CPU = Release|Any CPU
	EndGlobalSection
	GlobalSection(ProjectConfigurationPlatforms) = postSolution
		{F5C4CCE6-9601-491C-96E4-EC9F44179A8B}.Debug|Any CPU.ActiveCfg = Debug|Any CPU
		{F5C4CCE6-9601-491C-96E4-EC9F44179A8B}.Debug|Any CPU.Build.0 = Debug|Any CPU
		{F5C4CCE6-9601-491C-96E4-EC9F44179A8B}.Release|Any CPU.ActiveCfg = Release|Any CPU
		{F5C4CCE6-9601-491C-96E4-EC9F44179A8B}.Release|Any CPU.Build.0 = Release|Any CPU
		{62E05001-C54B-4E7B-B231-517F33F9F1F5}.Debug|Any CPU.ActiveCfg = Debug|Any CPU
		{62E05001-C54B-4E7B-B231-517F33F9F1F5}.Debug|Any CPU.Build.0 = Debug|Any CPU
		{62E05001-C54B-4E7B-B231-517F33F9F1F5}.Release|Any CPU.ActiveCfg = Release|Any CPU
		{62E05001-C54B-4E7B-B231-517F33F9F1F5}.Release|Any CPU.Build.0 = Release|Any CPU
	EndGlobalSection
	GlobalSection(SolutionProperties) = preSolution
		HideSolutionNode = FALSE
	EndGlobalSection
	GlobalSection(ExtensibilityGlobals) = postSolution
		SolutionGuid = {EEE3AFFC-5912-4F1B-8D61-1731E8FD8AB5}
	EndGlobalSection
EndGlobal
